
Microsoft Visual Studio Solution File, Format Version 12.00
# Visual Studio Version 17
VisualStudioVersion = 17.14.37411.7 d17.14
MinimumVisualStudioVersion = 10.0.40219.1
Project("{FAE04EC0-301F-11D3-BF4B-00C04F79EFBC}") = "JewelryStore", "JewelryStore\JewelryStore.csproj", "{CD20CBBB-B839-40FD-992D-4A01F5A9F5E5}"
EndProject
Project("{FAE04EC0-301F-11D3-BF4B-00C04F79EFBC}") = "JewelryStore.Tests", "JewelryStore.Tests\JewelryStore.Tests.csproj", "{87158BF6-A7A6-4C2B-AF1C-A62680B031B6}"
	ProjectSection(ProjectDependencies) = postProject
		{CD20CBBB-B839-40FD-992D-4A01F5A9F5E5} = {CD20CBBB-B839-40FD-992D-4A01F5A9F5E5}
	EndProjectSection
EndProject
Global
	GlobalSection(SolutionConfigurationPlatforms) = preSolution
		Debug|Any CPU = Debug|Any CPU
		Release|Any CPU = Release|Any CPU
	EndGlobalSection
	GlobalSection(ProjectConfigurationPlatforms) = postSolution
		{CD20CBBB-B839-40FD-992D-4A01F5A9F5E5}.Debug|Any CPU.ActiveCfg = Debug|Any CPU
		{CD20CBBB-B839-40FD-992D-4A01F5A9F5E5}.Debug|Any CPU.Build.0 = Debug|Any CPU
		{CD20CBBB-B839-40FD-992D-4A01F5A9F5E5}.Release|Any CPU.ActiveCfg = Release|Any CPU
		{CD20CBBB-B839-40FD-992D-4A01F5A9F5E5}.Release|Any CPU.Build.0 = Release|Any CPU
		{87158BF6-A7A6-4C2B-AF1C-A62680B031B6}.Debug|Any CPU.ActiveCfg = Debug|Any CPU
		{87158BF6-A7A6-4C2B-AF1C-A62680B031B6}.Debug|Any CPU.Build.0 = Debug|Any CPU
		{87158BF6-A7A6-4C2B-AF1C-A62680B031B6}.Release|Any CPU.ActiveCfg = Release|Any CPU
		{87158BF6-A7A6-4C2B-AF1C-A62680B031B6}.Release|Any CPU.Build.0 = Release|Any CPU
	EndGlobalSection
	GlobalSection(SolutionProperties) = preSolution
		HideSolutionNode = FALSE
	EndGlobalSection
	GlobalSection(ExtensibilityGlobals) = postSolution
		SolutionGuid = {508A6132-07C1-4BE4-9C4E-B084B32D34D0}
	EndGlobalSection
EndGlobal
